
Microsoft Visual Studio Solution File, Format Version 12.00
# Visual Studio Version 17
VisualStudioVersion = 17.5.33516.290
MinimumVisualStudioVersion = 10.0.40219.1
Project("{FAE04EC0-301F-11D3-BF4B-00C04F79EFBC}") = "L22_Synenko", "L22_Synenko\L22_Synenko.csproj", "{DCF4A02D-3540-4A1D-9718-D42B8F881466}"
EndProject
Global
	GlobalSection(SolutionConfigurationPlatforms) = preSolution
		Debug|Any CPU = Debug|Any CPU
		Release|Any CPU = Release|Any CPU
	EndGlobalSection
	GlobalSection(ProjectConfigurationPlatforms) = postSolution
		{DCF4A02D-3540-4A1D-9718-D42B8F881466}.Debug|Any CPU.ActiveCfg = Debug|Any CPU
		{DCF4A02D-3540-4A1D-9718-D42B8F881466}.Debug|Any CPU.Build.0 = Debug|Any CPU
		{DCF4A02D-3540-4A1D-9718-D42B8F881466}.Release|Any CPU.ActiveCfg = Release|Any CPU
		{DCF4A02D-3540-4A1D-9718-D42B8F881466}.Release|Any CPU.Build.0 = Release|Any CPU
	EndGlobalSection
	GlobalSection(SolutionProperties) = preSolution
		HideSolutionNode = FALSE
	EndGlobalSection
	GlobalSection(ExtensibilityGlobals) = postSolution
		SolutionGuid = {9AAF146F-A34C-43BF-B90E-D531D39D69B6}
	EndGlobalSection
EndGlobal
